
Microsoft Visual Studio Solution File, Format Version 12.00
# Visual Studio Version 17
VisualStudioVersion = 17.0.31903.59
MinimumVisualStudioVersion = 10.0.40219.1
Project("{FAE04EC0-301F-11D3-BF4B-00C04F79EFBC}") = "projectWeb.Api", "projectWeb.Api\projectWeb.Api.csproj", "{062A3D45-9B6A-45FE-9CFF-6DC9FDD182BE}"
EndProject
Project("{FAE04EC0-301F-11D3-BF4B-00C04F79EFBC}") = "projectWeb.Application", "projectWeb.Application\projectWeb.Application.csproj", "{D10E7571-5ED5-4F54-A31B-FBE24A3B7FCD}"
EndProject
Project("{FAE04EC0-301F-11D3-BF4B-00C04F79EFBC}") = "projectWeb.Domain", "projectWeb.Domain\projectWeb.Domain.csproj", "{5A038E1D-DCB6-4412-963C-540D90AEC714}"
EndProject
Project("{FAE04EC0-301F-11D3-BF4B-00C04F79EFBC}") = "projectWeb.Infrastructure", "projectWeb.Infrastructure\projectWeb.Infrastructure.csproj", "{15D6C013-D0F3-4DC9-9F19-7EE484FCEE2C}"
EndProject
Global
	GlobalSection(SolutionConfigurationPlatforms) = preSolution
		Debug|Any CPU = Debug|Any CPU
		Debug|x64 = Debug|x64
		Debug|x86 = Debug|x86
		Release|Any CPU = Release|Any CPU
		Release|x64 = Release|x64
		Release|x86 = Release|x86
	EndGlobalSection
	GlobalSection(ProjectConfigurationPlatforms) = postSolution
		{062A3D45-9B6A-45FE-9CFF-6DC9FDD182BE}.Debug|Any CPU.ActiveCfg = Debug|Any CPU
		{062A3D45-9B6A-45FE-9CFF-6DC9FDD182BE}.Debug|Any CPU.Build.0 = Debug|Any CPU
		{062A3D45-9B6A-45FE-9CFF-6DC9FDD182BE}.Debug|x64.ActiveCfg = Debug|Any CPU
		{062A3D45-9B6A-45FE-9CFF-6DC9FDD182BE}.Debug|x64.Build.0 = Debug|Any CPU
		{062A3D45-9B6A-45FE-9CFF-6DC9FDD182BE}.Debug|x86.ActiveCfg = Debug|Any CPU
		{062A3D45-9B6A-45FE-9CFF-6DC9FDD182BE}.Debug|x86.Build.0 = Debug|Any CPU
		{062A3D45-9B6A-45FE-9CFF-6DC9FDD182BE}.Release|Any CPU.ActiveCfg = Release|Any CPU
		{062A3D45-9B6A-45FE-9CFF-6DC9FDD182BE}.Release|Any CPU.Build.0 = Release|Any CPU
		{062A3D45-9B6A-45FE-9CFF-6DC9FDD182BE}.Release|x64.ActiveCfg = Release|Any CPU
		{062A3D45-9B6A-45FE-9CFF-6DC9FDD182BE}.Release|x64.Build.0 = Release|Any CPU
		{062A3D45-9B6A-45FE-9CFF-6DC9FDD182BE}.Release|x86.ActiveCfg = Release|Any CPU
		{062A3D45-9B6A-45FE-9CFF-6DC9FDD182BE}.Release|x86.Build.0 = Release|Any CPU
		{D10E7571-5ED5-4F54-A31B-FBE24A3B7FCD}.Debug|Any CPU.ActiveCfg = Debug|Any CPU
		{D10E7571-5ED5-4F54-A31B-FBE24A3B7FCD}.Debug|Any CPU.Build.0 = Debug|Any CPU
		{D10E7571-5ED5-4F54-A31B-FBE24A3B7FCD}.Debug|x64.ActiveCfg = Debug|Any CPU
		{D10E7571-5ED5-4F54-A31B-FBE24A3B7FCD}.Debug|x64.Build.0 = Debug|Any CPU
		{D10E7571-5ED5-4F54-A31B-FBE24A3B7FCD}.Debug|x86.ActiveCfg = Debug|Any CPU
		{D10E7571-5ED5-4F54-A31B-FBE24A3B7FCD}.Debug|x86.Build.0 = Debug|Any CPU
		{D10E7571-5ED5-4F54-A31B-FBE24A3B7FCD}.Release|Any CPU.ActiveCfg = Release|Any CPU
		{D10E7571-5ED5-4F54-A31B-FBE24A3B7FCD}.Release|Any CPU.Build.0 = Release|Any CPU
		{D10E7571-5ED5-4F54-A31B-FBE24A3B7FCD}.Release|x64.ActiveCfg = Release|Any CPU
		{D10E7571-5ED5-4F54-A31B-FBE24A3B7FCD}.Release|x64.Build.0 = Release|Any CPU
		{D10E7571-5ED5-4F54-A31B-FBE24A3B7FCD}.Release|x86.ActiveCfg = Release|Any CPU
		{D10E7571-5ED5-4F54-A31B-FBE24A3B7FCD}.Release|x86.Build.0 = Release|Any CPU
		{5A038E1D-DCB6-4412-963C-540D90AEC714}.Debug|Any CPU.ActiveCfg = Debug|Any CPU
		{5A038E1D-DCB6-4412-963C-540D90AEC714}.Debug|Any CPU.Build.0 = Debug|Any CPU
		{5A038E1D-DCB6-4412-963C-540D90AEC714}.Debug|x64.ActiveCfg = Debug|Any CPU
		{5A038E1D-DCB6-4412-963C-540D90AEC714}.Debug|x64.Build.0 = Debug|Any CPU
		{5A038E1D-DCB6-4412-963C-540D90AEC714}.Debug|x86.ActiveCfg = Debug|Any CPU
		{5A038E1D-DCB6-4412-963C-540D90AEC714}.Debug|x86.Build.0 = Debug|Any CPU
		{5A038E1D-DCB6-4412-963C-540D90AEC714}.Release|Any CPU.ActiveCfg = Release|Any CPU
		{5A038E1D-DCB6-4412-963C-540D90AEC714}.Release|Any CPU.Build.0 = Release|Any CPU
		{5A038E1D-DCB6-4412-963C-540D90AEC714}.Release|x64.ActiveCfg = Release|Any CPU
		{5A038E1D-DCB6-4412-963C-540D90AEC714}.Release|x64.Build.0 = Release|Any CPU
		{5A038E1D-DCB6-4412-963C-540D90AEC714}.Release|x86.ActiveCfg = Release|Any CPU
		{5A038E1D-DCB6-4412-963C-540D90AEC714}.Release|x86.Build.0 = Release|Any CPU
		{15D6C013-D0F3-4DC9-9F19-7EE484FCEE2C}.Debug|Any CPU.ActiveCfg = Debug|Any CPU
		{15D6C013-D0F3-4DC9-9F19-7EE484FCEE2C}.Debug|Any CPU.Build.0 = Debug|Any CPU
		{15D6C013-D0F3-4DC9-9F19-7EE484FCEE2C}.Debug|x64.ActiveCfg = Debug|Any CPU
		{15D6C013-D0F3-4DC9-9F19-7EE484FCEE2C}.Debug|x64.Build.0 = Debug|Any CPU
		{15D6C013-D0F3-4DC9-9F19-7EE484FCEE2C}.Debug|x86.ActiveCfg = Debug|Any CPU
		{15D6C013-D0F3-4DC9-9F19-7EE484FCEE2C}.Debug|x86.Build.0 = Debug|Any CPU
		{15D6C013-D0F3-4DC9-9F19-7EE484FCEE2C}.Release|Any CPU.ActiveCfg = Release|Any CPU
		{15D6C013-D0F3-4DC9-9F19-7EE484FCEE2C}.Release|Any CPU.Build.0 = Release|Any CPU
		{15D6C013-D0F3-4DC9-9F19-7EE484FCEE2C}.Release|x64.ActiveCfg = Release|Any CPU
		{15D6C013-D0F3-4DC9-9F19-7EE484FCEE2C}.Release|x64.Build.0 = Release|Any CPU
		{15D6C013-D0F3-4DC9-9F19-7EE484FCEE2C}.Release|x86.ActiveCfg = Release|Any CPU
		{15D6C013-D0F3-4DC9-9F19-7EE484FCEE2C}.Release|x86.Build.0 = Release|Any CPU
	EndGlobalSection
	GlobalSection(SolutionProperties) = preSolution
		HideSolutionNode = FALSE
	EndGlobalSection
EndGlobal
